github.com/sascha-andres/flag v0.3.1 h1:tp7d8I1zss+sbemznXcpIIcirz9hvP2amo3scmG3JJo=
github.com/sascha-andres/flag v0.3.1/go.mod h1:HPqYfwaZ0Ue3fkSKsNWdmBqd+0uBSejBZBSCILgVnow=
github.com/sascha-andres/reuse v0.0.4 h1:s6lYUQfk6KHU3CoN/UgKMQIN21fIYeJ8u82sGT9cOT0=
github.com/sascha-andres/reuse v0.0.4/go.mod h1:kWmLAAMzFLvPlUjQwFCZ/ohAzvQtlvUzpA4/Bpgrf4U=
github.com/sascha-andres/sbrdata v1.1.1 h1:fgtexRdaFUvbMzI0SzKlGZ47opqUh2IbzkG8/IjaqPA=
github.com/sascha-andres/sbrdata v1.1.1/go.mod h1:R5TLCVMkgAda+9XbZxElqgMu2f7iiN/JOHAa7WSB85g=
golang.org/x/exp v0.0.0-20230321023759-10a507213a29 h1:ooxPy7fPvB4kwsA2h+iBNHkAbp/4JxTSwCmvdjEYmug=
golang.org/x/exp v0.0.0-20230321023759-10a507213a29/go.mod h1:CxIveKay+FTh1D0yPZemJVgC/95VzuuOLq5Qi4xnoYc=
